
Microsoft Visual Studio Solution File, Format Version 12.00
# Visual Studio Version 17
VisualStudioVersion = 17.0.31903.59
MinimumVisualStudioVersion = 10.0.40219.1
Project("{9A19103F-16F7-4668-BE54-9A1E7A4F7556}") = "rest.web", "rest.web\rest.web.csproj", "{694A8E6E-C252-43D6-86EB-ECD9836326A1}"
EndProject
Project("{9A19103F-16F7-4668-BE54-9A1E7A4F7556}") = "rest.logic", "rest.logic\rest.logic.csproj", "{F028BE68-8407-45D0-AD8B-710B52B98545}"
EndProject
Project("{9A19103F-16F7-4668-BE54-9A1E7A4F7556}") = "rest.dal", "rest.dal\rest.dal.csproj", "{3C19C287-86A8-4E8E-B1FB-84F0D4775D94}"
EndProject
Project("{9A19103F-16F7-4668-BE54-9A1E7A4F7556}") = "rest.model", "rest.model\rest.model.csproj", "{CA64C150-1473-41BF-A2CF-F0D584C2F56E}"
EndProject
Project("{9A19103F-16F7-4668-BE54-9A1E7A4F7556}") = "rest.logic.test", "rest.logic.test\rest.logic.test.csproj", "{D94A9109-B676-453C-83A9-999832C6ABCA}"
EndProject
Project("{FAE04EC0-301F-11D3-BF4B-00C04F79EFBC}") = "rest.logging", "rest.logging\rest.logging.csproj", "{438B70FC-DE46-4F84-A895-4196EC66002B}"
EndProject
Global
	GlobalSection(SolutionConfigurationPlatforms) = preSolution
		Debug|Any CPU = Debug|Any CPU
		Release|Any CPU = Release|Any CPU
	EndGlobalSection
	GlobalSection(ProjectConfigurationPlatforms) = postSolution
		{694A8E6E-C252-43D6-86EB-ECD9836326A1}.Debug|Any CPU.ActiveCfg = Debug|Any CPU
		{694A8E6E-C252-43D6-86EB-ECD9836326A1}.Debug|Any CPU.Build.0 = Debug|Any CPU
		{694A8E6E-C252-43D6-86EB-ECD9836326A1}.Release|Any CPU.ActiveCfg = Release|Any CPU
		{694A8E6E-C252-43D6-86EB-ECD9836326A1}.Release|Any CPU.Build.0 = Release|Any CPU
		{F028BE68-8407-45D0-AD8B-710B52B98545}.Debug|Any CPU.ActiveCfg = Debug|Any CPU
		{F028BE68-8407-45D0-AD8B-710B52B98545}.Debug|Any CPU.Build.0 = Debug|Any CPU
		{F028BE68-8407-45D0-AD8B-710B52B98545}.Release|Any CPU.ActiveCfg = Release|Any CPU
		{F028BE68-8407-45D0-AD8B-710B52B98545}.Release|Any CPU.Build.0 = Release|Any CPU
		{3C19C287-86A8-4E8E-B1FB-84F0D4775D94}.Debug|Any CPU.ActiveCfg = Debug|Any CPU
		{3C19C287-86A8-4E8E-B1FB-84F0D4775D94}.Debug|Any CPU.Build.0 = Debug|Any CPU
		{3C19C287-86A8-4E8E-B1FB-84F0D4775D94}.Release|Any CPU.ActiveCfg = Release|Any CPU
		{3C19C287-86A8-4E8E-B1FB-84F0D4775D94}.Release|Any CPU.Build.0 = Release|Any CPU
		{CA64C150-1473-41BF-A2CF-F0D584C2F56E}.Debug|Any CPU.ActiveCfg = Debug|Any CPU
		{CA64C150-1473-41BF-A2CF-F0D584C2F56E}.Debug|Any CPU.Build.0 = Debug|Any CPU
		{CA64C150-1473-41BF-A2CF-F0D584C2F56E}.Release|Any CPU.ActiveCfg = Release|Any CPU
		{CA64C150-1473-41BF-A2CF-F0D584C2F56E}.Release|Any CPU.Build.0 = Release|Any CPU
		{D94A9109-B676-453C-83A9-999832C6ABCA}.Debug|Any CPU.ActiveCfg = Debug|Any CPU
		{D94A9109-B676-453C-83A9-999832C6ABCA}.Debug|Any CPU.Build.0 = Debug|Any CPU
		{D94A9109-B676-453C-83A9-999832C6ABCA}.Release|Any CPU.ActiveCfg = Release|Any CPU
		{D94A9109-B676-453C-83A9-999832C6ABCA}.Release|Any CPU.Build.0 = Release|Any CPU
		{438B70FC-DE46-4F84-A895-4196EC66002B}.Debug|Any CPU.ActiveCfg = Debug|Any CPU
		{438B70FC-DE46-4F84-A895-4196EC66002B}.Debug|Any CPU.Build.0 = Debug|Any CPU
		{438B70FC-DE46-4F84-A895-4196EC66002B}.Release|Any CPU.ActiveCfg = Release|Any CPU
		{438B70FC-DE46-4F84-A895-4196EC66002B}.Release|Any CPU.Build.0 = Release|Any CPU
	EndGlobalSection
	GlobalSection(SolutionProperties) = preSolution
		HideSolutionNode = FALSE
	EndGlobalSection
	GlobalSection(ExtensibilityGlobals) = postSolution
		SolutionGuid = {B54AD7CA-1FA2-48FE-A545-960367D078F5}
	EndGlobalSection
EndGlobal
